Microsoft Visual Studio Solution File, Format Version 12.00
# Visual Studio Version 17
VisualStudioVersion = 17.0.31903.59
MinimumVisualStudioVersion = 10.0.40219.1
Project("{FAE04EC0-301F-11D3-BF4B-00C04F79EFBC}") = "QS3D.Core", "src\QS3D.Core\QS3D.Core.csproj", "{A20B93F8-6D1E-4D0C-B0B0-62D2B0133FAE}"
EndProject
Project("{FAE04EC0-301F-11D3-BF4B-00C04F79EFBC}") = "QS3D.BricsCAD.V26", "src\QS3D.BricsCAD.V26\QS3D.BricsCAD.V26.csproj", "{D67A4F26-2CC9-4D6A-9EE7-6C93349F7B26}"
EndProject
Project("{FAE04EC0-301F-11D3-BF4B-00C04F79EFBC}") = "QS3D.Core.SmokeTests", "tests\QS3D.Core.SmokeTests\QS3D.Core.SmokeTests.csproj", "{C6D30E79-D4CF-44B1-B782-035014385586}"
EndProject
Global
    GlobalSection(SolutionConfigurationPlatforms) = preSolution
        Debug|Any CPU = Debug|Any CPU
        Release|Any CPU = Release|Any CPU
    EndGlobalSection
    GlobalSection(ProjectConfigurationPlatforms) = postSolution
        {A20B93F8-6D1E-4D0C-B0B0-62D2B0133FAE}.Debug|Any CPU.ActiveCfg = Debug|Any CPU
        {A20B93F8-6D1E-4D0C-B0B0-62D2B0133FAE}.Debug|Any CPU.Build.0 = Debug|Any CPU
        {A20B93F8-6D1E-4D0C-B0B0-62D2B0133FAE}.Release|Any CPU.ActiveCfg = Release|Any CPU
        {A20B93F8-6D1E-4D0C-B0B0-62D2B0133FAE}.Release|Any CPU.Build.0 = Release|Any CPU
        {C6D30E79-D4CF-44B1-B782-035014385586}.Debug|Any CPU.ActiveCfg = Debug|Any CPU
        {C6D30E79-D4CF-44B1-B782-035014385586}.Debug|Any CPU.Build.0 = Debug|Any CPU
        {C6D30E79-D4CF-44B1-B782-035014385586}.Release|Any CPU.ActiveCfg = Release|Any CPU
        {C6D30E79-D4CF-44B1-B782-035014385586}.Release|Any CPU.Build.0 = Release|Any CPU
        {D67A4F26-2CC9-4D6A-9EE7-6C93349F7B26}.Debug|Any CPU.ActiveCfg = Debug|x64
        {D67A4F26-2CC9-4D6A-9EE7-6C93349F7B26}.Debug|Any CPU.Build.0 = Debug|x64
        {D67A4F26-2CC9-4D6A-9EE7-6C93349F7B26}.Release|Any CPU.ActiveCfg = Release|x64
        {D67A4F26-2CC9-4D6A-9EE7-6C93349F7B26}.Release|Any CPU.Build.0 = Release|x64
    EndGlobalSection
EndGlobal
